
Microsoft Visual Studio Solution File, Format Version 12.00
# Visual Studio Version 17
VisualStudioVersion = 17.7.34031.279
MinimumVisualStudioVersion = 10.0.40219.1
Project("{FAE04EC0-301F-11D3-BF4B-00C04F79EFBC}") = "BubbleSort", "BubbleSort\BubbleSort.csproj", "{778374EC-86FC-403F-8D37-8E1C207FECAC}"
EndProject
Global
	GlobalSection(SolutionConfigurationPlatforms) = preSolution
		Debug|Any CPU = Debug|Any CPU
		Release|Any CPU = Release|Any CPU
	EndGlobalSection
	GlobalSection(ProjectConfigurationPlatforms) = postSolution
		{778374EC-86FC-403F-8D37-8E1C207FECAC}.Debug|Any CPU.ActiveCfg = Debug|Any CPU
		{778374EC-86FC-403F-8D37-8E1C207FECAC}.Debug|Any CPU.Build.0 = Debug|Any CPU
		{778374EC-86FC-403F-8D37-8E1C207FECAC}.Release|Any CPU.ActiveCfg = Release|Any CPU
		{778374EC-86FC-403F-8D37-8E1C207FECAC}.Release|Any CPU.Build.0 = Release|Any CPU
	EndGlobalSection
	GlobalSection(SolutionProperties) = preSolution
		HideSolutionNode = FALSE
	EndGlobalSection
	GlobalSection(ExtensibilityGlobals) = postSolution
		SolutionGuid = {D37136A3-515E-44BD-92AA-DB0F1F3043C5}
	EndGlobalSection
EndGlobal
